// !$*UTF8*$!
{
	archiveVersion = 1;
	classes = {
	};
	objectVersion = 55;
	objects = {

/* Begin PBXBuildFile section */
		EF57E52127D7655800837F5D /* ________App.swift in Sources */ = {isa = PBXBuildFile; fileRef = EF57E52027D7655800837F5D /* ________App.swift */; };
		EF57E52327D7655800837F5D /* TabBar.swift in Sources */ = {isa = PBXBuildFile; fileRef = EF57E52227D7655800837F5D /* TabBar.swift */; };
		EF57E52527D7655900837F5D /* Assets.xcassets in Resources */ = {isa = PBXBuildFile; fileRef = EF57E52427D7655900837F5D /* Assets.xcassets */; };
		EF57E52827D7655900837F5D /* Preview Assets.xcassets in Resources */ = {isa = PBXBuildFile; fileRef = EF57E52727D7655900837F5D /* Preview Assets.xcassets */; };
		EF57E53027D77C8800837F5D /* Home.swift in Sources */ = {isa = PBXBuildFile; fileRef = EF57E52F27D77C8800837F5D /* Home.swift */; };
		EF57E53227D77CA700837F5D /* Explore.swift in Sources */ = {isa = PBXBuildFile; fileRef = EF57E53127D77CA700837F5D /* Explore.swift */; };
		EF57E53427D77CB600837F5D /* Teach.swift in Sources */ = {isa = PBXBuildFile; fileRef = EF57E53327D77CB600837F5D /* Teach.swift */; };
		EF57E53627D77CC700837F5D /* Profile.swift in Sources */ = {isa = PBXBuildFile; fileRef = EF57E53527D77CC700837F5D /* Profile.swift */; };
/* End PBXBuildFile section */

/* Begin PBXFileReference section */
		EF57E51D27D7655800837F5D /* رحلة حاج.app */ = {isa = PBXFileReference; explicitFileType = wrapper.application; includeInIndex = 0; path = "رحلة حاج.app"; sourceTree = BUILT_PRODUCTS_DIR; };
		EF57E52027D7655800837F5D /* ________App.swift */ = {isa = PBXFileReference; lastKnownFileType = sourcecode.swift; path = "________App.swift"; sourceTree = "<group>"; };
		EF57E52227D7655800837F5D /* TabBar.swift */ = {isa = PBXFileReference; lastKnownFileType = sourcecode.swift; path = TabBar.swift; sourceTree = "<group>"; };
		EF57E52427D7655900837F5D /* Assets.xcassets */ = {isa = PBXFileReference; lastKnownFileType = folder.assetcatalog; path = Assets.xcassets; sourceTree = "<group>"; };
		EF57E52727D7655900837F5D /* Preview Assets.xcassets */ = {isa = PBXFileReference; lastKnownFileType = folder.assetcatalog; path = "Preview Assets.xcassets"; sourceTree = "<group>"; };
		EF57E52F27D77C8800837F5D /* Home.swift */ = {isa = PBXFileReference; lastKnownFileType = sourcecode.swift; path = Home.swift; sourceTree = "<group>"; };
		EF57E53127D77CA700837F5D /* Explore.swift */ = {isa = PBXFileReference; lastKnownFileType = sourcecode.swift; path = Explore.swift; sourceTree = "<group>"; };
		EF57E53327D77CB600837F5D /* Teach.swift */ = {isa = PBXFileReference; lastKnownFileType = sourcecode.swift; path = Teach.swift; sourceTree = "<group>"; };
		EF57E53527D77CC700837F5D /* Profile.swift */ = {isa = PBXFileReference; lastKnownFileType = sourcecode.swift; path = Profile.swift; sourceTree = "<group>"; };
/* End PBXFileReference section */

/* Begin PBXFrameworksBuildPhase section */
		EF57E51A27D7655800837F5D /* Frameworks */ = {
			isa = PBXFrameworksBuildPhase;
			buildActionMask = 2147483647;
			files = (
			);
			runOnlyForDeploymentPostprocessing = 0;
		};
/* End PBXFrameworksBuildPhase section */

/* Begin PBXGroup section */
		EF57E51427D7655800837F5D = {
			isa = PBXGroup;
			children = (
				EF57E51F27D7655800837F5D /* رحلة حاج */,
				EF57E51E27D7655800837F5D /* Products */,
			);
			sourceTree = "<group>";
		};
		EF57E51E27D7655800837F5D /* Products */ = {
			isa = PBXGroup;
			children = (
				EF57E51D27D7655800837F5D /* رحلة حاج.app */,
			);
			name = Products;
			sourceTree = "<group>";
		};
		EF57E51F27D7655800837F5D /* رحلة حاج */ = {
			isa = PBXGroup;
			children = (
				EF57E52027D7655800837F5D /* ________App.swift */,
				EF57E52227D7655800837F5D /* TabBar.swift */,
				EF57E52427D7655900837F5D /* Assets.xcassets */,
				EF57E52627D7655900837F5D /* Preview Content */,
				EF57E52F27D77C8800837F5D /* Home.swift */,
				EF57E53127D77CA700837F5D /* Explore.swift */,
				EF57E53327D77CB600837F5D /* Teach.swift */,
				EF57E53527D77CC700837F5D /* Profile.swift */,
			);
			path = "رحلة حاج";
			sourceTree = "<group>";
		};
		EF57E52627D7655900837F5D /* Preview Content */ = {
			isa = PBXGroup;
			children = (
				EF57E52727D7655900837F5D /* Preview Assets.xcassets */,
			);
			path = "Preview Content";
			sourceTree = "<group>";
		};
/* End PBXGroup section */

/* Begin PBXNativeTarget section */
		EF57E51C27D7655800837F5D /* رحلة حاج */ = {
			isa = PBXNativeTarget;
			buildConfigurationList = EF57E52B27D7655900837F5D /* Build configuration list for PBXNativeTarget "رحلة حاج" */;
			buildPhases = (
				EF57E51927D7655800837F5D /* Sources */,
				EF57E51A27D7655800837F5D /* Frameworks */,
				EF57E51B27D7655800837F5D /* Resources */,
			);
			buildRules = (
			);
			dependencies = (
			);
			name = "رحلة حاج";
			productName = "رحلة حاج";
			productReference = EF57E51D27D7655800837F5D /* رحلة حاج.app */;
			productType = "com.apple.product-type.application";
		};
/* End PBXNativeTarget section */

/* Begin PBXProject section */
		EF57E51527D7655800837F5D /* Project object */ = {
			isa = PBXProject;
			attributes = {
				BuildIndependentTargetsInParallel = 1;
				LastSwiftUpdateCheck = 1310;
				LastUpgradeCheck = 1310;
				TargetAttributes = {
					EF57E51C27D7655800837F5D = {
						CreatedOnToolsVersion = 13.1;
					};
				};
			};
			buildConfigurationList = EF57E51827D7655800837F5D /* Build configuration list for PBXProject "رحلة حاج" */;
			compatibilityVersion = "Xcode 13.0";
			developmentRegion = en;
			hasScannedForEncodings = 0;
			knownRegions = (
				en,
				Base,
				ar,
			);
			mainGroup = EF57E51427D7655800837F5D;
			productRefGroup = EF57E51E27D7655800837F5D /* Products */;
			projectDirPath = "";
			projectRoot = "";
			targets = (
				EF57E51C27D7655800837F5D /* رحلة حاج */,
			);
		};
/* End PBXProject section */

/* Begin PBXResourcesBuildPhase section */
		EF57E51B27D7655800837F5D /* Resources */ = {
			isa = PBXResourcesBuildPhase;
			buildActionMask = 2147483647;
			files = (
				EF57E52827D7655900837F5D /* Preview Assets.xcassets in Resources */,
				EF57E52527D7655900837F5D /* Assets.xcassets in Resources */,
			);
			runOnlyForDeploymentPostprocessing = 0;
		};
/* End PBXResourcesBuildPhase section */

/* Begin PBXSourcesBuildPhase section */
		EF57E51927D7655800837F5D /* Sources */ = {
			isa = PBXSourcesBuildPhase;
			buildActionMask = 2147483647;
			files = (
				EF57E52327D7655800837F5D /* TabBar.swift in Sources */,
				EF57E53627D77CC700837F5D /* Profile.swift in Sources */,
				EF57E53027D77C8800837F5D /* Home.swift in Sources */,
				EF57E53427D77CB600837F5D /* Teach.swift in Sources */,
				EF57E52127D7655800837F5D /* ________App.swift in Sources */,
				EF57E53227D77CA700837F5D /* Explore.swift in Sources */,
			);
			runOnlyForDeploymentPostprocessing = 0;
		};
/* End PBXSourcesBuildPhase section */

/* Begin XCBuildConfiguration section */
		EF57E52927D7655900837F5D /* Debug */ = {
			isa = XCBuildConfiguration;
			buildSettings = {
				ALWAYS_SEARCH_USER_PATHS = NO;
				CLANG_ANALYZER_NONNULL = YES;
				CLANG_ANALYZER_NUMBER_OBJECT_CONVERSION = YES_AGGRESSIVE;
				CLANG_CXX_LANGUAGE_STANDARD = "gnu++17";
				CLANG_CXX_LIBRARY = "libc++";
				CLANG_ENABLE_MODULES = YES;
				CLANG_ENABLE_OBJC_ARC = YES;
				CLANG_ENABLE_OBJC_WEAK = YES;
				CLANG_WARN_BLOCK_CAPTURE_AUTORELEASING = YES;
				CLANG_WARN_BOOL_CONVERSION = YES;
				CLANG_WARN_COMMA = YES;
				CLANG_WARN_CONSTANT_CONVERSION = YES;
				CLANG_WARN_DEPRECATED_OBJC_IMPLEMENTATIONS = YES;
				CLANG_WARN_DIRECT_OBJC_ISA_USAGE = YES_ERROR;
				CLANG_WARN_DOCUMENTATION_COMMENTS = YES;
				CLANG_WARN_EMPTY_BODY = YES;
				CLANG_WARN_ENUM_CONVERSION = YES;
				CLANG_WARN_INFINITE_RECURSION = YES;
				CLANG_WARN_INT_CONVERSION = YES;
				CLANG_WARN_NON_LITERAL_NULL_CONVERSION = YES;
				CLANG_WARN_OBJC_IMPLICIT_RETAIN_SELF = YES;
				CLANG_WARN_OBJC_LITERAL_CONVERSION = YES;
				CLANG_WARN_OBJC_ROOT_CLASS = YES_ERROR;
				CLANG_WARN_QUOTED_INCLUDE_IN_FRAMEWORK_HEADER = YES;
				CLANG_WARN_RANGE_LOOP_ANALYSIS = YES;
				CLANG_WARN_STRICT_PROTOTYPES = YES;
				CLANG_WARN_SUSPICIOUS_MOVE = YES;
				CLANG_WARN_UNGUARDED_AVAILABILITY = YES_AGGRESSIVE;
				CLANG_WARN_UNREACHABLE_CODE = YES;
				CLANG_WARN__DUPLICATE_METHOD_MATCH = YES;
				COPY_PHASE_STRIP = NO;
				DEBUG_INFORMATION_FORMAT = dwarf;
				ENABLE_STRICT_OBJC_MSGSEND = YES;
				ENABLE_TESTABILITY = YES;
				GCC_C_LANGUAGE_STANDARD = gnu11;
				GCC_DYNAMIC_NO_PIC = NO;
				GCC_NO_COMMON_BLOCKS = YES;
				GCC_OPTIMIZATION_LEVEL = 0;
				GCC_PREPROCESSOR_DEFINITIONS = (
					"DEBUG=1",
					"$(inherited)",
				);
				GCC_WARN_64_TO_32_BIT_CONVERSION = YES;
				GCC_WARN_ABOUT_RETURN_TYPE = YES_ERROR;
				GCC_WARN_UNDECLARED_SELECTOR = YES;
				GCC_WARN_UNINITIALIZED_AUTOS = YES_AGGRESSIVE;
				GCC_WARN_UNUSED_FUNCTION = YES;
				GCC_WARN_UNUSED_VARIABLE = YES;
				IPHONEOS_DEPLOYMENT_TARGET = 15.0;
				MTL_ENABLE_DEBUG_INFO = INCLUDE_SOURCE;
				MTL_FAST_MATH = YES;
				ONLY_ACTIVE_ARCH = YES;
				SDKROOT = iphoneos;
				SWIFT_ACTIVE_COMPILATION_CONDITIONS = DEBUG;
				SWIFT_OPTIMIZATION_LEVEL = "-Onone";
			};
			name = Debug;
		};
		EF57E52A27D7655900837F5D /* Release */ = {
			isa = XCBuildConfiguration;
			buildSettings = {
				ALWAYS_SEARCH_USER_PATHS = NO;
				CLANG_ANALYZER_NONNULL = YES;
				CLANG_ANALYZER_NUMBER_OBJECT_CONVERSION = YES_AGGRESSIVE;
				CLANG_CXX_LANGUAGE_STANDARD = "gnu++17";
				CLANG_CXX_LIBRARY = "libc++";
				CLANG_ENABLE_MODULES = YES;
				CLANG_ENABLE_OBJC_ARC = YES;
				CLANG_ENABLE_OBJC_WEAK = YES;
				CLANG_WARN_BLOCK_CAPTURE_AUTORELEASING = YES;
				CLANG_WARN_BOOL_CONVERSION = YES;
				CLANG_WARN_COMMA = YES;
				CLANG_WARN_CONSTANT_CONVERSION = YES;
				CLANG_WARN_DEPRECATED_OBJC_IMPLEMENTATIONS = YES;
				CLANG_WARN_DIRECT_OBJC_ISA_USAGE = YES_ERROR;
				CLANG_WARN_DOCUMENTATION_COMMENTS = YES;
				CLANG_WARN_EMPTY_BODY = YES;
				CLANG_WARN_ENUM_CONVERSION = YES;
				CLANG_WARN_INFINITE_RECURSION = YES;
				CLANG_WARN_INT_CONVERSION = YES;
				CLANG_WARN_NON_LITERAL_NULL_CONVERSION = YES;
				CLANG_WARN_OBJC_IMPLICIT_RETAIN_SELF = YES;
				CLANG_WARN_OBJC_LITERAL_CONVERSION = YES;
				CLANG_WARN_OBJC_ROOT_CLASS = YES_ERROR;
				CLANG_WARN_QUOTED_INCLUDE_IN_FRAMEWORK_HEADER = YES;
				CLANG_WARN_RANGE_LOOP_ANALYSIS = YES;
				CLANG_WARN_STRICT_PROTOTYPES = YES;
				CLANG_WARN_SUSPICIOUS_MOVE = YES;
				CLANG_WARN_UNGUARDED_AVAILABILITY = YES_AGGRESSIVE;
				CLANG_WARN_UNREACHABLE_CODE = YES;
				CLANG_WARN__DUPLICATE_METHOD_MATCH = YES;
				COPY_PHASE_STRIP = NO;
				DEBUG_INFORMATION_FORMAT = "dwarf-with-dsym";
				ENABLE_NS_ASSERTIONS = NO;
				ENABLE_STRICT_OBJC_MSGSEND = YES;
				GCC_C_LANGUAGE_STANDARD = gnu11;
				GCC_NO_COMMON_BLOCKS = YES;
				GCC_WARN_64_TO_32_BIT_CONVERSION = YES;
				GCC_WARN_ABOUT_RETURN_TYPE = YES_ERROR;
				GCC_WARN_UNDECLARED_SELECTOR = YES;
				GCC_WARN_UNINITIALIZED_AUTOS = YES_AGGRESSIVE;
				GCC_WARN_UNUSED_FUNCTION = YES;
				GCC_WARN_UNUSED_VARIABLE = YES;
				IPHONEOS_DEPLOYMENT_TARGET = 15.0;
				MTL_ENABLE_DEBUG_INFO = NO;
				MTL_FAST_MATH = YES;
				SDKROOT = iphoneos;
				SWIFT_COMPILATION_MODE = wholemodule;
				SWIFT_OPTIMIZATION_LEVEL = "-O";
				VALIDATE_PRODUCT = YES;
			};
			name = Release;
		};
		EF57E52C27D7655900837F5D /* Debug */ = {
			isa = XCBuildConfiguration;
			buildSettings = {
				ASSETCATALOG_COMPILER_APPICON_NAME = AppIcon;
				ASSETCATALOG_COMPILER_GLOBAL_ACCENT_COLOR_NAME = AccentColor;
				CODE_SIGN_STYLE = Automatic;
				CURRENT_PROJECT_VERSION = 1;
				DEVELOPMENT_ASSET_PATHS = "\"رحلة حاج/Preview Content\"";
				ENABLE_PREVIEWS = YES;
				GENERATE_INFOPLIST_FILE = YES;
				INFOPLIST_KEY_UIApplicationSceneManifest_Generation = YES;
				INFOPLIST_KEY_UIApplicationSupportsIndirectInputEvents = YES;
				INFOPLIST_KEY_UILaunchScreen_Generation = YES;
				INFOPLIST_KEY_UISupportedInterfaceOrientations_iPad = "UIInterfaceOrientationPortrait UIInterfaceOrientationPortraitUpsideDown UIInterfaceOrientationLandscapeLeft UIInterfaceOrientationLandscapeRight";
				INFOPLIST_KEY_UISupportedInterfaceOrientations_iPhone = "UIInterfaceOrientationPortrait UIInterfaceOrientationLandscapeLeft UIInterfaceOrientationLandscapeRight";
				LD_RUNPATH_SEARCH_PATHS = (
					"$(inherited)",
					"@executable_path/Frameworks",
				);
				MARKETING_VERSION = 1.0;
				PRODUCT_BUNDLE_IDENTIFIER = "come.Alanoud.--------";
				PRODUCT_NAME = "$(TARGET_NAME)";
				SWIFT_EMIT_LOC_STRINGS = YES;
				SWIFT_VERSION = 5.0;
				TARGETED_DEVICE_FAMILY = "1,2";
			};
			name = Debug;
		};
		EF57E52D27D7655900837F5D /* Release */ = {
			isa = XCBuildConfiguration;
			buildSettings = {
				ASSETCATALOG_COMPILER_APPICON_NAME = AppIcon;
				ASSETCATALOG_COMPILER_GLOBAL_ACCENT_COLOR_NAME = AccentColor;
				CODE_SIGN_STYLE = Automatic;
				CURRENT_PROJECT_VERSION = 1;
				DEVELOPMENT_ASSET_PATHS = "\"رحلة حاج/Preview Content\"";
				ENABLE_PREVIEWS = YES;
				GENERATE_INFOPLIST_FILE = YES;
				INFOPLIST_KEY_UIApplicationSceneManifest_Generation = YES;
				INFOPLIST_KEY_UIApplicationSupportsIndirectInputEvents = YES;
				INFOPLIST_KEY_UILaunchScreen_Generation = YES;
				INFOPLIST_KEY_UISupportedInterfaceOrientations_iPad = "UIInterfaceOrientationPortrait UIInterfaceOrientationPortraitUpsideDown UIInterfaceOrientationLandscapeLeft UIInterfaceOrientationLandscapeRight";
				INFOPLIST_KEY_UISupportedInterfaceOrientations_iPhone = "UIInterfaceOrientationPortrait UIInterfaceOrientationLandscapeLeft UIInterfaceOrientationLandscapeRight";
				LD_RUNPATH_SEARCH_PATHS = (
					"$(inherited)",
					"@executable_path/Frameworks",
				);
				MARKETING_VERSION = 1.0;
				PRODUCT_BUNDLE_IDENTIFIER = "come.Alanoud.--------";
				PRODUCT_NAME = "$(TARGET_NAME)";
				SWIFT_EMIT_LOC_STRINGS = YES;
				SWIFT_VERSION = 5.0;
				TARGETED_DEVICE_FAMILY = "1,2";
			};
			name = Release;
		};
/* End XCBuildConfiguration section */

/* Begin XCConfigurationList section */
		EF57E51827D7655800837F5D /* Build configuration list for PBXProject "رحلة حاج" */ = {
			isa = XCConfigurationList;
			buildConfigurations = (
				EF57E52927D7655900837F5D /* Debug */,
				EF57E52A27D7655900837F5D /* Release */,
			);
			defaultConfigurationIsVisible = 0;
			defaultConfigurationName = Release;
		};
		EF57E52B27D7655900837F5D /* Build configuration list for PBXNativeTarget "رحلة حاج" */ = {
			isa = XCConfigurationList;
			buildConfigurations = (
				EF57E52C27D7655900837F5D /* Debug */,
				EF57E52D27D7655900837F5D /* Release */,
			);
			defaultConfigurationIsVisible = 0;
			defaultConfigurationName = Release;
		};
/* End XCConfigurationList section */
	};
	rootObject = EF57E51527D7655800837F5D /* Project object */;
}
